// !$*UTF8*$!
{
	archiveVersion = 1;
	classes = {
	};
	objectVersion = 48;
	objects = {

/* Begin PBXBuildFile section */
		22A75CBA1F9E9B0200314B96 /* AppDelegate.swift in Sources */ = {isa = PBXBuildFile; fileRef = 22A75CB91F9E9B0200314B96 /* AppDelegate.swift */; };
		22A75CBC1F9E9B0200314B96 /* ViewController.swift in Sources */ = {isa = PBXBuildFile; fileRef = 22A75CBB1F9E9B0200314B96 /* ViewController.swift */; };
		22A75CBF1F9E9B0200314B96 /* Main.storyboard in Resources */ = {isa = PBXBuildFile; fileRef = 22A75CBD1F9E9B0200314B96 /* Main.storyboard */; };
		22A75CC11F9E9B0200314B96 /* Assets.xcassets in Resources */ = {isa = PBXBuildFile; fileRef = 22A75CC01F9E9B0200314B96 /* Assets.xcassets */; };
		22A75CC41F9E9B0200314B96 /* LaunchScreen.storyboard in Resources */ = {isa = PBXBuildFile; fileRef = 22A75CC21F9E9B0200314B96 /* LaunchScreen.storyboard */; };
/* End PBXBuildFile section */

/* Begin PBXFileReference section */
		22A75CB61F9E9B0200314B96 /* Magic8Ball.app */ = {isa = PBXFileReference; explicitFileType = wrapper.application; includeInIndex = 0; path = Magic8Ball.app; sourceTree = BUILT_PRODUCTS_DIR; };
		22A75CB91F9E9B0200314B96 /* AppDelegate.swift */ = {isa = PBXFileReference; lastKnownFileType = sourcecode.swift; path = AppDelegate.swift; sourceTree = "<group>"; };
		22A75CBB1F9E9B0200314B96 /* ViewController.swift */ = {isa = PBXFileReference; lastKnownFileType = sourcecode.swift; path = ViewController.swift; sourceTree = "<group>"; };
		22A75CBE1F9E9B0200314B96 /* Base */ = {isa = PBXFileReference; lastKnownFileType = file.storyboard; name = Base; path = Base.lproj/Main.storyboard; sourceTree = "<group>"; };
		22A75CC01F9E9B0200314B96 /* Assets.xcassets */ = {isa = PBXFileReference; lastKnownFileType = folder.assetcatalog; path = Assets.xcassets; sourceTree = "<group>"; };
		22A75CC31F9E9B0200314B96 /* Base */ = {isa = PBXFileReference; lastKnownFileType = file.storyboard; name = Base; path = Base.lproj/LaunchScreen.storyboard; sourceTree = "<group>"; };
		22A75CC51F9E9B0200314B96 /* Info.plist */ = {isa = PBXFileReference; lastKnownFileType = text.plist.xml; path = Info.plist; sourceTree = "<group>"; };
/* End PBXFileReference section */

/* Begin PBXFrameworksBuildPhase section */
		22A75CB31F9E9B0200314B96 /* Frameworks */ = {
			isa = PBXFrameworksBuildPhase;
			buildActionMask = 2147483647;
			files = (
			);
			runOnlyForDeploymentPostprocessing = 0;
		};
/* End PBXFrameworksBuildPhase section */

/* Begin PBXGroup section */
		22A75CAD1F9E9B0200314B96 = {
			isa = PBXGroup;
			children = (
				22A75CB81F9E9B0200314B96 /* Magic8Ball */,
				22A75CB71F9E9B0200314B96 /* Products */,
			);
			sourceTree = "<group>";
		};
		22A75CB71F9E9B0200314B96 /* Products */ = {
			isa = PBXGroup;
			children = (
				22A75CB61F9E9B0200314B96 /* Magic8Ball.app */,
			);
			name = Products;
			sourceTree = "<group>";
		};
		22A75CB81F9E9B0200314B96 /* Magic8Ball */ = {
			isa = PBXGroup;
			children = (
				22A75CB91F9E9B0200314B96 /* AppDelegate.swift */,
				22A75CBB1F9E9B0200314B96 /* ViewController.swift */,
				22A75CBD1F9E9B0200314B96 /* Main.storyboard */,
				22A75CC01F9E9B0200314B96 /* Assets.xcassets */,
				22A75CC21F9E9B0200314B96 /* LaunchScreen.storyboard */,
				22A75CC51F9E9B0200314B96 /* Info.plist */,
			);
			path = Magic8Ball;
			sourceTree = "<group>";
		};
/* End PBXGroup section */

/* Begin PBXNativeTarget section */
		22A75CB51F9E9B0200314B96 /* Magic8Ball */ = {
			isa = PBXNativeTarget;
			buildConfigurationList = 22A75CC81F9E9B0200314B96 /* Build configuration list for PBXNativeTarget "Magic8Ball" */;
			buildPhases = (
				22A75CB21F9E9B0200314B96 /* Sources */,
				22A75CB31F9E9B0200314B96 /* Frameworks */,
				22A75CB41F9E9B0200314B96 /* Resources */,
			);
			buildRules = (
			);
			dependencies = (
			);
			name = Magic8Ball;
			productName = Magic8Ball;
			productReference = 22A75CB61F9E9B0200314B96 /* Magic8Ball.app */;
			productType = "com.apple.product-type.application";
		};
/* End PBXNativeTarget section */

/* Begin PBXProject section */
		22A75CAE1F9E9B0200314B96 /* Project object */ = {
			isa = PBXProject;
			attributes = {
				LastSwiftUpdateCheck = 0900;
				LastUpgradeCheck = 0900;
				ORGANIZATIONNAME = "Sam Ma";
				TargetAttributes = {
					22A75CB51F9E9B0200314B96 = {
						CreatedOnToolsVersion = 9.0.1;
						ProvisioningStyle = Automatic;
					};
				};
			};
			buildConfigurationList = 22A75CB11F9E9B0200314B96 /* Build configuration list for PBXProject "Magic8Ball" */;
			compatibilityVersion = "Xcode 8.0";
			developmentRegion = en;
			hasScannedForEncodings = 0;
			knownRegions = (
				en,
				Base,
			);
			mainGroup = 22A75CAD1F9E9B0200314B96;
			productRefGroup = 22A75CB71F9E9B0200314B96 /* Products */;
			projectDirPath = "";
			projectRoot = "";
			targets = (
				22A75CB51F9E9B0200314B96 /* Magic8Ball */,
			);
		};
/* End PBXProject section */

/* Begin PBXResourcesBuildPhase section */
		22A75CB41F9E9B0200314B96 /* Resources */ = {
			isa = PBXResourcesBuildPhase;
			buildActionMask = 2147483647;
			files = (
				22A75CC41F9E9B0200314B96 /* LaunchScreen.storyboard in Resources */,
				22A75CC11F9E9B0200314B96 /* Assets.xcassets in Resources */,
				22A75CBF1F9E9B0200314B96 /* Main.storyboard in Resources */,
			);
			runOnlyForDeploymentPostprocessing = 0;
		};
/* End PBXResourcesBuildPhase section */

/* Begin PBXSourcesBuildPhase section */
		22A75CB21F9E9B0200314B96 /* Sources */ = {
			isa = PBXSourcesBuildPhase;
			buildActionMask = 2147483647;
			files = (
				22A75CBC1F9E9B0200314B96 /* ViewController.swift in Sources */,
				22A75CBA1F9E9B0200314B96 /* AppDelegate.swift in Sources */,
			);
			runOnlyForDeploymentPostprocessing = 0;
		};
/* End PBXSourcesBuildPhase section */

/* Begin PBXVariantGroup section */
		22A75CBD1F9E9B0200314B96 /* Main.storyboard */ = {
			isa = PBXVariantGroup;
			children = (
				22A75CBE1F9E9B0200314B96 /* Base */,
			);
			name = Main.storyboard;
			sourceTree = "<group>";
		};
		22A75CC21F9E9B0200314B96 /* LaunchScreen.storyboard */ = {
			isa = PBXVariantGroup;
			children = (
				22A75CC31F9E9B0200314B96 /* Base */,
			);
			name = LaunchScreen.storyboard;
			sourceTree = "<group>";
		};
/* End PBXVariantGroup section */

/* Begin XCBuildConfiguration section */
		22A75CC61F9E9B0200314B96 /* Debug */ = {
			isa = XCBuildConfiguration;
			buildSettings = {
				ALWAYS_SEARCH_USER_PATHS = NO;
				CLANG_ANALYZER_NONNULL = YES;
				CLANG_ANALYZER_NUMBER_OBJECT_CONVERSION = YES_AGGRESSIVE;
				CLANG_CXX_LANGUAGE_STANDARD = "gnu++14";
				CLANG_CXX_LIBRARY = "libc++";
				CLANG_ENABLE_MODULES = YES;
				CLANG_ENABLE_OBJC_ARC = YES;
				CLANG_WARN_BLOCK_CAPTURE_AUTORELEASING = YES;
				CLANG_WARN_BOOL_CONVERSION = YES;
				CLANG_WARN_COMMA = YES;
				CLANG_WARN_CONSTANT_CONVERSION = YES;
				CLANG_WARN_DIRECT_OBJC_ISA_USAGE = YES_ERROR;
				CLANG_WARN_DOCUMENTATION_COMMENTS = YES;
				CLANG_WARN_EMPTY_BODY = YES;
				CLANG_WARN_ENUM_CONVERSION = YES;
				CLANG_WARN_INFINITE_RECURSION = YES;
				CLANG_WARN_INT_CONVERSION = YES;
				CLANG_WARN_NON_LITERAL_NULL_CONVERSION = YES;
				CLANG_WARN_OBJC_LITERAL_CONVERSION = YES;
				CLANG_WARN_OBJC_ROOT_CLASS = YES_ERROR;
				CLANG_WARN_RANGE_LOOP_ANALYSIS = YES;
				CLANG_WARN_STRICT_PROTOTYPES = YES;
				CLANG_WARN_SUSPICIOUS_MOVE = YES;
				CLANG_WARN_UNGUARDED_AVAILABILITY = YES_AGGRESSIVE;
				CLANG_WARN_UNREACHABLE_CODE = YES;
				CLANG_WARN__DUPLICATE_METHOD_MATCH = YES;
				CODE_SIGN_IDENTITY = "iPhone Developer";
				COPY_PHASE_STRIP = NO;
				DEBUG_INFORMATION_FORMAT = dwarf;
				ENABLE_STRICT_OBJC_MSGSEND = YES;
				ENABLE_TESTABILITY = YES;
				GCC_C_LANGUAGE_STANDARD = gnu11;
				GCC_DYNAMIC_NO_PIC = NO;
				GCC_NO_COMMON_BLOCKS = YES;
				GCC_OPTIMIZATION_LEVEL = 0;
				GCC_PREPROCESSOR_DEFINITIONS = (
					"DEBUG=1",
					"$(inherited)",
				);
				GCC_WARN_64_TO_32_BIT_CONVERSION = YES;
				GCC_WARN_ABOUT_RETURN_TYPE = YES_ERROR;
				GCC_WARN_UNDECLARED_SELECTOR = YES;
				GCC_WARN_UNINITIALIZED_AUTOS = YES_AGGRESSIVE;
				GCC_WARN_UNUSED_FUNCTION = YES;
				GCC_WARN_UNUSED_VARIABLE = YES;
				IPHONEOS_DEPLOYMENT_TARGET = 11.0;
				MTL_ENABLE_DEBUG_INFO = YES;
				ONLY_ACTIVE_ARCH = YES;
				SDKROOT = iphoneos;
				SWIFT_ACTIVE_COMPILATION_CONDITIONS = DEBUG;
				SWIFT_OPTIMIZATION_LEVEL = "-Onone";
			};
			name = Debug;
		};
		22A75CC71F9E9B0200314B96 /* Release */ = {
			isa = XCBuildConfiguration;
			buildSettings = {
				ALWAYS_SEARCH_USER_PATHS = NO;
				CLANG_ANALYZER_NONNULL = YES;
				CLANG_ANALYZER_NUMBER_OBJECT_CONVERSION = YES_AGGRESSIVE;
				CLANG_CXX_LANGUAGE_STANDARD = "gnu++14";
				CLANG_CXX_LIBRARY = "libc++";
				CLANG_ENABLE_MODULES = YES;
				CLANG_ENABLE_OBJC_ARC = YES;
				CLANG_WARN_BLOCK_CAPTURE_AUTORELEASING = YES;
				CLANG_WARN_BOOL_CONVERSION = YES;
				CLANG_WARN_COMMA = YES;
				CLANG_WARN_CONSTANT_CONVERSION = YES;
				CLANG_WARN_DIRECT_OBJC_ISA_USAGE = YES_ERROR;
				CLANG_WARN_DOCUMENTATION_COMMENTS = YES;
				CLANG_WARN_EMPTY_BODY = YES;
				CLANG_WARN_ENUM_CONVERSION = YES;
				CLANG_WARN_INFINITE_RECURSION = YES;
				CLANG_WARN_INT_CONVERSION = YES;
				CLANG_WARN_NON_LITERAL_NULL_CONVERSION = YES;
				CLANG_WARN_OBJC_LITERAL_CONVERSION = YES;
				CLANG_WARN_OBJC_ROOT_CLASS = YES_ERROR;
				CLANG_WARN_RANGE_LOOP_ANALYSIS = YES;
				CLANG_WARN_STRICT_PROTOTYPES = YES;
				CLANG_WARN_SUSPICIOUS_MOVE = YES;
				CLANG_WARN_UNGUARDED_AVAILABILITY = YES_AGGRESSIVE;
				CLANG_WARN_UNREACHABLE_CODE = YES;
				CLANG_WARN__DUPLICATE_METHOD_MATCH = YES;
				CODE_SIGN_IDENTITY = "iPhone Developer";
				COPY_PHASE_STRIP = NO;
				DEBUG_INFORMATION_FORMAT = "dwarf-with-dsym";
				ENABLE_NS_ASSERTIONS = NO;
				ENABLE_STRICT_OBJC_MSGSEND = YES;
				GCC_C_LANGUAGE_STANDARD = gnu11;
				GCC_NO_COMMON_BLOCKS = YES;
				GCC_WARN_64_TO_32_BIT_CONVERSION = YES;
				GCC_WARN_ABOUT_RETURN_TYPE = YES_ERROR;
				GCC_WARN_UNDECLARED_SELECTOR = YES;
				GCC_WARN_UNINITIALIZED_AUTOS = YES_AGGRESSIVE;
				GCC_WARN_UNUSED_FUNCTION = YES;
				GCC_WARN_UNUSED_VARIABLE = YES;
				IPHONEOS_DEPLOYMENT_TARGET = 11.0;
				MTL_ENABLE_DEBUG_INFO = NO;
				SDKROOT = iphoneos;
				SWIFT_OPTIMIZATION_LEVEL = "-Owholemodule";
				VALIDATE_PRODUCT = YES;
			};
			name = Release;
		};
		22A75CC91F9E9B0200314B96 /* Debug */ = {
			isa = XCBuildConfiguration;
			buildSettings = {
				ASSETCATALOG_COMPILER_APPICON_NAME = AppIcon;
				CODE_SIGN_STYLE = Automatic;
				DEVELOPMENT_TEAM = A4697664AW;
				INFOPLIST_FILE = Magic8Ball/Info.plist;
				LD_RUNPATH_SEARCH_PATHS = "$(inherited) @executable_path/Frameworks";
				PRODUCT_BUNDLE_IDENTIFIER = "sam.mawenjin-gmail.com";
				PRODUCT_NAME = "$(TARGET_NAME)";
				SWIFT_VERSION = 4.0;
				TARGETED_DEVICE_FAMILY = 1;
			};
			name = Debug;
		};
		22A75CCA1F9E9B0200314B96 /* Release */ = {
			isa = XCBuildConfiguration;
			buildSettings = {
				ASSETCATALOG_COMPILER_APPICON_NAME = AppIcon;
				CODE_SIGN_STYLE = Automatic;
				DEVELOPMENT_TEAM = A4697664AW;
				INFOPLIST_FILE = Magic8Ball/Info.plist;
				LD_RUNPATH_SEARCH_PATHS = "$(inherited) @executable_path/Frameworks";
				PRODUCT_BUNDLE_IDENTIFIER = "sam.mawenjin-gmail.com";
				PRODUCT_NAME = "$(TARGET_NAME)";
				SWIFT_VERSION = 4.0;
				TARGETED_DEVICE_FAMILY = 1;
			};
			name = Release;
		};
/* End XCBuildConfiguration section */

/* Begin XCConfigurationList section */
		22A75CB11F9E9B0200314B96 /* Build configuration list for PBXProject "Magic8Ball" */ = {
			isa = XCConfigurationList;
			buildConfigurations = (
				22A75CC61F9E9B0200314B96 /* Debug */,
				22A75CC71F9E9B0200314B96 /* Release */,
			);
			defaultConfigurationIsVisible = 0;
			defaultConfigurationName = Release;
		};
		22A75CC81F9E9B0200314B96 /* Build configuration list for PBXNativeTarget "Magic8Ball" */ = {
			isa = XCConfigurationList;
			buildConfigurations = (
				22A75CC91F9E9B0200314B96 /* Debug */,
				22A75CCA1F9E9B0200314B96 /* Release */,
			);
			defaultConfigurationIsVisible = 0;
			defaultConfigurationName = Release;
		};
/* End XCConfigurationList section */
	};
	rootObject = 22A75CAE1F9E9B0200314B96 /* Project object */;
}
