// !$*UTF8*$!
{
	archiveVersion = 1;
	classes = {
	};
	objectVersion = 48;
	objects = {

/* Begin PBXBuildFile section */
		22C755991FD4924A0062851F /* AppDelegate.swift in Sources */ = {isa = PBXBuildFile; fileRef = 22C755981FD4924A0062851F /* AppDelegate.swift */; };
		22C7559B1FD4924A0062851F /* ViewController.swift in Sources */ = {isa = PBXBuildFile; fileRef = 22C7559A1FD4924A0062851F /* ViewController.swift */; };
		22C7559E1FD4924A0062851F /* Main.storyboard in Resources */ = {isa = PBXBuildFile; fileRef = 22C7559C1FD4924A0062851F /* Main.storyboard */; };
		22C755A01FD4924A0062851F /* Assets.xcassets in Resources */ = {isa = PBXBuildFile; fileRef = 22C7559F1FD4924A0062851F /* Assets.xcassets */; };
		22C755A31FD4924A0062851F /* LaunchScreen.storyboard in Resources */ = {isa = PBXBuildFile; fileRef = 22C755A11FD4924A0062851F /* LaunchScreen.storyboard */; };
		9C8EBE9C9AA23E90E5F4D6DB /* Pods_FindFlower.framework in Frameworks */ = {isa = PBXBuildFile; fileRef = A6E67F9F821B0BFA60FDFE85 /* Pods_FindFlower.framework */; };
/* End PBXBuildFile section */

/* Begin PBXFileReference section */
		22C755951FD4924A0062851F /* FindFlower.app */ = {isa = PBXFileReference; explicitFileType = wrapper.application; includeInIndex = 0; path = FindFlower.app; sourceTree = BUILT_PRODUCTS_DIR; };
		22C755981FD4924A0062851F /* AppDelegate.swift */ = {isa = PBXFileReference; lastKnownFileType = sourcecode.swift; path = AppDelegate.swift; sourceTree = "<group>"; };
		22C7559A1FD4924A0062851F /* ViewController.swift */ = {isa = PBXFileReference; lastKnownFileType = sourcecode.swift; path = ViewController.swift; sourceTree = "<group>"; };
		22C7559D1FD4924A0062851F /* Base */ = {isa = PBXFileReference; lastKnownFileType = file.storyboard; name = Base; path = Base.lproj/Main.storyboard; sourceTree = "<group>"; };
		22C7559F1FD4924A0062851F /* Assets.xcassets */ = {isa = PBXFileReference; lastKnownFileType = folder.assetcatalog; path = Assets.xcassets; sourceTree = "<group>"; };
		22C755A21FD4924A0062851F /* Base */ = {isa = PBXFileReference; lastKnownFileType = file.storyboard; name = Base; path = Base.lproj/LaunchScreen.storyboard; sourceTree = "<group>"; };
		22C755A41FD4924A0062851F /* Info.plist */ = {isa = PBXFileReference; lastKnownFileType = text.plist.xml; path = Info.plist; sourceTree = "<group>"; };
		7B7448E1294BD7E0993934E9 /* Pods-FindFlower.release.xcconfig */ = {isa = PBXFileReference; includeInIndex = 1; lastKnownFileType = text.xcconfig; name = "Pods-FindFlower.release.xcconfig"; path = "Pods/Target Support Files/Pods-FindFlower/Pods-FindFlower.release.xcconfig"; sourceTree = "<group>"; };
		A6E67F9F821B0BFA60FDFE85 /* Pods_FindFlower.framework */ = {isa = PBXFileReference; explicitFileType = wrapper.framework; includeInIndex = 0; path = Pods_FindFlower.framework; sourceTree = BUILT_PRODUCTS_DIR; };
		DA21E492F8E0647FCA8951F6 /* Pods-FindFlower.debug.xcconfig */ = {isa = PBXFileReference; includeInIndex = 1; lastKnownFileType = text.xcconfig; name = "Pods-FindFlower.debug.xcconfig"; path = "Pods/Target Support Files/Pods-FindFlower/Pods-FindFlower.debug.xcconfig"; sourceTree = "<group>"; };
/* End PBXFileReference section */

/* Begin PBXFrameworksBuildPhase section */
		22C755921FD4924A0062851F /* Frameworks */ = {
			isa = PBXFrameworksBuildPhase;
			buildActionMask = 2147483647;
			files = (
				9C8EBE9C9AA23E90E5F4D6DB /* Pods_FindFlower.framework in Frameworks */,
			);
			runOnlyForDeploymentPostprocessing = 0;
		};
/* End PBXFrameworksBuildPhase section */

/* Begin PBXGroup section */
		1AD7140B30DB22EA7A3F193D /* Frameworks */ = {
			isa = PBXGroup;
			children = (
				A6E67F9F821B0BFA60FDFE85 /* Pods_FindFlower.framework */,
			);
			name = Frameworks;
			sourceTree = "<group>";
		};
		22C7558C1FD4924A0062851F = {
			isa = PBXGroup;
			children = (
				22C755971FD4924A0062851F /* FindFlower */,
				22C755961FD4924A0062851F /* Products */,
				AB86AF7A0D8C5A400DEE9A65 /* Pods */,
				1AD7140B30DB22EA7A3F193D /* Frameworks */,
			);
			sourceTree = "<group>";
		};
		22C755961FD4924A0062851F /* Products */ = {
			isa = PBXGroup;
			children = (
				22C755951FD4924A0062851F /* FindFlower.app */,
			);
			name = Products;
			sourceTree = "<group>";
		};
		22C755971FD4924A0062851F /* FindFlower */ = {
			isa = PBXGroup;
			children = (
				22C755981FD4924A0062851F /* AppDelegate.swift */,
				22C7559A1FD4924A0062851F /* ViewController.swift */,
				22C7559C1FD4924A0062851F /* Main.storyboard */,
				22C7559F1FD4924A0062851F /* Assets.xcassets */,
				22C755A11FD4924A0062851F /* LaunchScreen.storyboard */,
				22C755A41FD4924A0062851F /* Info.plist */,
			);
			path = FindFlower;
			sourceTree = "<group>";
		};
		AB86AF7A0D8C5A400DEE9A65 /* Pods */ = {
			isa = PBXGroup;
			children = (
				DA21E492F8E0647FCA8951F6 /* Pods-FindFlower.debug.xcconfig */,
				7B7448E1294BD7E0993934E9 /* Pods-FindFlower.release.xcconfig */,
			);
			name = Pods;
			sourceTree = "<group>";
		};
/* End PBXGroup section */

/* Begin PBXNativeTarget section */
		22C755941FD4924A0062851F /* FindFlower */ = {
			isa = PBXNativeTarget;
			buildConfigurationList = 22C755A71FD4924A0062851F /* Build configuration list for PBXNativeTarget "FindFlower" */;
			buildPhases = (
				9EEA7B69060CEBFAA6B0C7E7 /* [CP] Check Pods Manifest.lock */,
				22C755911FD4924A0062851F /* Sources */,
				22C755921FD4924A0062851F /* Frameworks */,
				22C755931FD4924A0062851F /* Resources */,
				6B6FC9AD9C48B9D842D21CC0 /* [CP] Embed Pods Frameworks */,
				6F063517DB12BFFFC85E394E /* [CP] Copy Pods Resources */,
			);
			buildRules = (
			);
			dependencies = (
			);
			name = FindFlower;
			productName = FindFlower;
			productReference = 22C755951FD4924A0062851F /* FindFlower.app */;
			productType = "com.apple.product-type.application";
		};
/* End PBXNativeTarget section */

/* Begin PBXProject section */
		22C7558D1FD4924A0062851F /* Project object */ = {
			isa = PBXProject;
			attributes = {
				LastSwiftUpdateCheck = 0900;
				LastUpgradeCheck = 0900;
				ORGANIZATIONNAME = "Sam Ma";
				TargetAttributes = {
					22C755941FD4924A0062851F = {
						CreatedOnToolsVersion = 9.0.1;
						ProvisioningStyle = Automatic;
					};
				};
			};
			buildConfigurationList = 22C755901FD4924A0062851F /* Build configuration list for PBXProject "FindFlower" */;
			compatibilityVersion = "Xcode 8.0";
			developmentRegion = en;
			hasScannedForEncodings = 0;
			knownRegions = (
				en,
				Base,
			);
			mainGroup = 22C7558C1FD4924A0062851F;
			productRefGroup = 22C755961FD4924A0062851F /* Products */;
			projectDirPath = "";
			projectRoot = "";
			targets = (
				22C755941FD4924A0062851F /* FindFlower */,
			);
		};
/* End PBXProject section */

/* Begin PBXResourcesBuildPhase section */
		22C755931FD4924A0062851F /* Resources */ = {
			isa = PBXResourcesBuildPhase;
			buildActionMask = 2147483647;
			files = (
				22C755A31FD4924A0062851F /* LaunchScreen.storyboard in Resources */,
				22C755A01FD4924A0062851F /* Assets.xcassets in Resources */,
				22C7559E1FD4924A0062851F /* Main.storyboard in Resources */,
			);
			runOnlyForDeploymentPostprocessing = 0;
		};
/* End PBXResourcesBuildPhase section */

/* Begin PBXShellScriptBuildPhase section */
		6B6FC9AD9C48B9D842D21CC0 /* [CP] Embed Pods Frameworks */ = {
			isa = PBXShellScriptBuildPhase;
			buildActionMask = 2147483647;
			files = (
			);
			inputPaths = (
				"${SRCROOT}/Pods/Target Support Files/Pods-FindFlower/Pods-FindFlower-frameworks.sh",
				"${BUILT_PRODUCTS_DIR}/Alamofire/Alamofire.framework",
				"${BUILT_PRODUCTS_DIR}/SDWebImage/SDWebImage.framework",
				"${BUILT_PRODUCTS_DIR}/SwiftyJSON/SwiftyJSON.framework",
			);
			name = "[CP] Embed Pods Frameworks";
			outputPaths = (
				"${TARGET_BUILD_DIR}/${FRAMEWORKS_FOLDER_PATH}/Alamofire.framework",
				"${TARGET_BUILD_DIR}/${FRAMEWORKS_FOLDER_PATH}/SDWebImage.framework",
				"${TARGET_BUILD_DIR}/${FRAMEWORKS_FOLDER_PATH}/SwiftyJSON.framework",
			);
			runOnlyForDeploymentPostprocessing = 0;
			shellPath = /bin/sh;
			shellScript = "\"${SRCROOT}/Pods/Target Support Files/Pods-FindFlower/Pods-FindFlower-frameworks.sh\"\n";
			showEnvVarsInLog = 0;
		};
		6F063517DB12BFFFC85E394E /* [CP] Copy Pods Resources */ = {
			isa = PBXShellScriptBuildPhase;
			buildActionMask = 2147483647;
			files = (
			);
			inputPaths = (
			);
			name = "[CP] Copy Pods Resources";
			outputPaths = (
			);
			runOnlyForDeploymentPostprocessing = 0;
			shellPath = /bin/sh;
			shellScript = "\"${SRCROOT}/Pods/Target Support Files/Pods-FindFlower/Pods-FindFlower-resources.sh\"\n";
			showEnvVarsInLog = 0;
		};
		9EEA7B69060CEBFAA6B0C7E7 /* [CP] Check Pods Manifest.lock */ = {
			isa = PBXShellScriptBuildPhase;
			buildActionMask = 2147483647;
			files = (
			);
			inputPaths = (
				"${PODS_PODFILE_DIR_PATH}/Podfile.lock",
				"${PODS_ROOT}/Manifest.lock",
			);
			name = "[CP] Check Pods Manifest.lock";
			outputPaths = (
				"$(DERIVED_FILE_DIR)/Pods-FindFlower-checkManifestLockResult.txt",
			);
			runOnlyForDeploymentPostprocessing = 0;
			shellPath = /bin/sh;
			shellScript = "diff \"${PODS_PODFILE_DIR_PATH}/Podfile.lock\" \"${PODS_ROOT}/Manifest.lock\" > /dev/null\nif [ $? != 0 ] ; then\n    # print error to STDERR\n    echo \"error: The sandbox is not in sync with the Podfile.lock. Run 'pod install' or update your CocoaPods installation.\" >&2\n    exit 1\nfi\n# This output is used by Xcode 'outputs' to avoid re-running this script phase.\necho \"SUCCESS\" > \"${SCRIPT_OUTPUT_FILE_0}\"\n";
			showEnvVarsInLog = 0;
		};
/* End PBXShellScriptBuildPhase section */

/* Begin PBXSourcesBuildPhase section */
		22C755911FD4924A0062851F /* Sources */ = {
			isa = PBXSourcesBuildPhase;
			buildActionMask = 2147483647;
			files = (
				22C7559B1FD4924A0062851F /* ViewController.swift in Sources */,
				22C755991FD4924A0062851F /* AppDelegate.swift in Sources */,
			);
			runOnlyForDeploymentPostprocessing = 0;
		};
/* End PBXSourcesBuildPhase section */

/* Begin PBXVariantGroup section */
		22C7559C1FD4924A0062851F /* Main.storyboard */ = {
			isa = PBXVariantGroup;
			children = (
				22C7559D1FD4924A0062851F /* Base */,
			);
			name = Main.storyboard;
			sourceTree = "<group>";
		};
		22C755A11FD4924A0062851F /* LaunchScreen.storyboard */ = {
			isa = PBXVariantGroup;
			children = (
				22C755A21FD4924A0062851F /* Base */,
			);
			name = LaunchScreen.storyboard;
			sourceTree = "<group>";
		};
/* End PBXVariantGroup section */

/* Begin XCBuildConfiguration section */
		22C755A51FD4924A0062851F /* Debug */ = {
			isa = XCBuildConfiguration;
			buildSettings = {
				ALWAYS_SEARCH_USER_PATHS = NO;
				CLANG_ANALYZER_NONNULL = YES;
				CLANG_ANALYZER_NUMBER_OBJECT_CONVERSION = YES_AGGRESSIVE;
				CLANG_CXX_LANGUAGE_STANDARD = "gnu++14";
				CLANG_CXX_LIBRARY = "libc++";
				CLANG_ENABLE_MODULES = YES;
				CLANG_ENABLE_OBJC_ARC = YES;
				CLANG_WARN_BLOCK_CAPTURE_AUTORELEASING = YES;
				CLANG_WARN_BOOL_CONVERSION = YES;
				CLANG_WARN_COMMA = YES;
				CLANG_WARN_CONSTANT_CONVERSION = YES;
				CLANG_WARN_DIRECT_OBJC_ISA_USAGE = YES_ERROR;
				CLANG_WARN_DOCUMENTATION_COMMENTS = YES;
				CLANG_WARN_EMPTY_BODY = YES;
				CLANG_WARN_ENUM_CONVERSION = YES;
				CLANG_WARN_INFINITE_RECURSION = YES;
				CLANG_WARN_INT_CONVERSION = YES;
				CLANG_WARN_NON_LITERAL_NULL_CONVERSION = YES;
				CLANG_WARN_OBJC_LITERAL_CONVERSION = YES;
				CLANG_WARN_OBJC_ROOT_CLASS = YES_ERROR;
				CLANG_WARN_RANGE_LOOP_ANALYSIS = YES;
				CLANG_WARN_STRICT_PROTOTYPES = YES;
				CLANG_WARN_SUSPICIOUS_MOVE = YES;
				CLANG_WARN_UNGUARDED_AVAILABILITY = YES_AGGRESSIVE;
				CLANG_WARN_UNREACHABLE_CODE = YES;
				CLANG_WARN__DUPLICATE_METHOD_MATCH = YES;
				CODE_SIGN_IDENTITY = "iPhone Developer";
				COPY_PHASE_STRIP = NO;
				DEBUG_INFORMATION_FORMAT = dwarf;
				ENABLE_STRICT_OBJC_MSGSEND = YES;
				ENABLE_TESTABILITY = YES;
				GCC_C_LANGUAGE_STANDARD = gnu11;
				GCC_DYNAMIC_NO_PIC = NO;
				GCC_NO_COMMON_BLOCKS = YES;
				GCC_OPTIMIZATION_LEVEL = 0;
				GCC_PREPROCESSOR_DEFINITIONS = (
					"DEBUG=1",
					"$(inherited)",
				);
				GCC_WARN_64_TO_32_BIT_CONVERSION = YES;
				GCC_WARN_ABOUT_RETURN_TYPE = YES_ERROR;
				GCC_WARN_UNDECLARED_SELECTOR = YES;
				GCC_WARN_UNINITIALIZED_AUTOS = YES_AGGRESSIVE;
				GCC_WARN_UNUSED_FUNCTION = YES;
				GCC_WARN_UNUSED_VARIABLE = YES;
				IPHONEOS_DEPLOYMENT_TARGET = 11.0;
				MTL_ENABLE_DEBUG_INFO = YES;
				ONLY_ACTIVE_ARCH = YES;
				SDKROOT = iphoneos;
				SWIFT_ACTIVE_COMPILATION_CONDITIONS = DEBUG;
				SWIFT_OPTIMIZATION_LEVEL = "-Onone";
			};
			name = Debug;
		};
		22C755A61FD4924A0062851F /* Release */ = {
			isa = XCBuildConfiguration;
			buildSettings = {
				ALWAYS_SEARCH_USER_PATHS = NO;
				CLANG_ANALYZER_NONNULL = YES;
				CLANG_ANALYZER_NUMBER_OBJECT_CONVERSION = YES_AGGRESSIVE;
				CLANG_CXX_LANGUAGE_STANDARD = "gnu++14";
				CLANG_CXX_LIBRARY = "libc++";
				CLANG_ENABLE_MODULES = YES;
				CLANG_ENABLE_OBJC_ARC = YES;
				CLANG_WARN_BLOCK_CAPTURE_AUTORELEASING = YES;
				CLANG_WARN_BOOL_CONVERSION = YES;
				CLANG_WARN_COMMA = YES;
				CLANG_WARN_CONSTANT_CONVERSION = YES;
				CLANG_WARN_DIRECT_OBJC_ISA_USAGE = YES_ERROR;
				CLANG_WARN_DOCUMENTATION_COMMENTS = YES;
				CLANG_WARN_EMPTY_BODY = YES;
				CLANG_WARN_ENUM_CONVERSION = YES;
				CLANG_WARN_INFINITE_RECURSION = YES;
				CLANG_WARN_INT_CONVERSION = YES;
				CLANG_WARN_NON_LITERAL_NULL_CONVERSION = YES;
				CLANG_WARN_OBJC_LITERAL_CONVERSION = YES;
				CLANG_WARN_OBJC_ROOT_CLASS = YES_ERROR;
				CLANG_WARN_RANGE_LOOP_ANALYSIS = YES;
				CLANG_WARN_STRICT_PROTOTYPES = YES;
				CLANG_WARN_SUSPICIOUS_MOVE = YES;
				CLANG_WARN_UNGUARDED_AVAILABILITY = YES_AGGRESSIVE;
				CLANG_WARN_UNREACHABLE_CODE = YES;
				CLANG_WARN__DUPLICATE_METHOD_MATCH = YES;
				CODE_SIGN_IDENTITY = "iPhone Developer";
				COPY_PHASE_STRIP = NO;
				DEBUG_INFORMATION_FORMAT = "dwarf-with-dsym";
				ENABLE_NS_ASSERTIONS = NO;
				ENABLE_STRICT_OBJC_MSGSEND = YES;
				GCC_C_LANGUAGE_STANDARD = gnu11;
				GCC_NO_COMMON_BLOCKS = YES;
				GCC_WARN_64_TO_32_BIT_CONVERSION = YES;
				GCC_WARN_ABOUT_RETURN_TYPE = YES_ERROR;
				GCC_WARN_UNDECLARED_SELECTOR = YES;
				GCC_WARN_UNINITIALIZED_AUTOS = YES_AGGRESSIVE;
				GCC_WARN_UNUSED_FUNCTION = YES;
				GCC_WARN_UNUSED_VARIABLE = YES;
				IPHONEOS_DEPLOYMENT_TARGET = 11.0;
				MTL_ENABLE_DEBUG_INFO = NO;
				SDKROOT = iphoneos;
				SWIFT_OPTIMIZATION_LEVEL = "-Owholemodule";
				VALIDATE_PRODUCT = YES;
			};
			name = Release;
		};
		22C755A81FD4924A0062851F /* Debug */ = {
			isa = XCBuildConfiguration;
			baseConfigurationReference = DA21E492F8E0647FCA8951F6 /* Pods-FindFlower.debug.xcconfig */;
			buildSettings = {
				ASSETCATALOG_COMPILER_APPICON_NAME = AppIcon;
				CODE_SIGN_STYLE = Automatic;
				DEVELOPMENT_TEAM = A4697664AW;
				INFOPLIST_FILE = FindFlower/Info.plist;
				LD_RUNPATH_SEARCH_PATHS = "$(inherited) @executable_path/Frameworks";
				PRODUCT_BUNDLE_IDENTIFIER = "sam.mawenjin-gmail.com.FindFlower";
				PRODUCT_NAME = "$(TARGET_NAME)";
				SWIFT_VERSION = 4.0;
				TARGETED_DEVICE_FAMILY = "1,2";
			};
			name = Debug;
		};
		22C755A91FD4924A0062851F /* Release */ = {
			isa = XCBuildConfiguration;
			baseConfigurationReference = 7B7448E1294BD7E0993934E9 /* Pods-FindFlower.release.xcconfig */;
			buildSettings = {
				ASSETCATALOG_COMPILER_APPICON_NAME = AppIcon;
				CODE_SIGN_STYLE = Automatic;
				DEVELOPMENT_TEAM = A4697664AW;
				INFOPLIST_FILE = FindFlower/Info.plist;
				LD_RUNPATH_SEARCH_PATHS = "$(inherited) @executable_path/Frameworks";
				PRODUCT_BUNDLE_IDENTIFIER = "sam.mawenjin-gmail.com.FindFlower";
				PRODUCT_NAME = "$(TARGET_NAME)";
				SWIFT_VERSION = 4.0;
				TARGETED_DEVICE_FAMILY = "1,2";
			};
			name = Release;
		};
/* End XCBuildConfiguration section */

/* Begin XCConfigurationList section */
		22C755901FD4924A0062851F /* Build configuration list for PBXProject "FindFlower" */ = {
			isa = XCConfigurationList;
			buildConfigurations = (
				22C755A51FD4924A0062851F /* Debug */,
				22C755A61FD4924A0062851F /* Release */,
			);
			defaultConfigurationIsVisible = 0;
			defaultConfigurationName = Release;
		};
		22C755A71FD4924A0062851F /* Build configuration list for PBXNativeTarget "FindFlower" */ = {
			isa = XCConfigurationList;
			buildConfigurations = (
				22C755A81FD4924A0062851F /* Debug */,
				22C755A91FD4924A0062851F /* Release */,
			);
			defaultConfigurationIsVisible = 0;
			defaultConfigurationName = Release;
		};
/* End XCConfigurationList section */
	};
	rootObject = 22C7558D1FD4924A0062851F /* Project object */;
}
